// !$*UTF8*$!
{
	archiveVersion = 1;
	classes = {
	};
	objectVersion = 51;
	objects = {

/* Begin PBXBuildFile section */
		2792C9DE70D0357300E3318A /* Pods_Instagram.framework in Frameworks */ = {isa = PBXBuildFile; fileRef = 2654F04DD59D674D076346E6 /* Pods_Instagram.framework */; };
		5AAF5EB726311DCA00FE4AA9 /* Const.swift in Sources */ = {isa = PBXBuildFile; fileRef = 5AAF5EB626311DCA00FE4AA9 /* Const.swift */; };
		5AAF5EBB2631359900FE4AA9 /* PostData.swift in Sources */ = {isa = PBXBuildFile; fileRef = 5AAF5EBA2631359900FE4AA9 /* PostData.swift */; };
		5AAF5EBF2631365500FE4AA9 /* PostTableViewCell.swift in Sources */ = {isa = PBXBuildFile; fileRef = 5AAF5EBD2631365500FE4AA9 /* PostTableViewCell.swift */; };
		5AAF5EC02631365500FE4AA9 /* PostTableViewCell.xib in Resources */ = {isa = PBXBuildFile; fileRef = 5AAF5EBE2631365500FE4AA9 /* PostTableViewCell.xib */; };
		5AAF5EC3263257C600FE4AA9 /* CommentViewController.swift in Sources */ = {isa = PBXBuildFile; fileRef = 5AAF5EC2263257C600FE4AA9 /* CommentViewController.swift */; };
		5AAF5EC6263262C900FE4AA9 /* CommentStruct.swift in Sources */ = {isa = PBXBuildFile; fileRef = 5AAF5EC5263262C900FE4AA9 /* CommentStruct.swift */; };
		5AAF5EC926357A4F00FE4AA9 /* CustomColors.swift in Sources */ = {isa = PBXBuildFile; fileRef = 5AAF5EC826357A4F00FE4AA9 /* CustomColors.swift */; };
		5AF22B61262FE3E300914389 /* AppDelegate.swift in Sources */ = {isa = PBXBuildFile; fileRef = 5AF22B60262FE3E300914389 /* AppDelegate.swift */; };
		5AF22B63262FE3E300914389 /* SceneDelegate.swift in Sources */ = {isa = PBXBuildFile; fileRef = 5AF22B62262FE3E300914389 /* SceneDelegate.swift */; };
		5AF22B68262FE3E300914389 /* Main.storyboard in Resources */ = {isa = PBXBuildFile; fileRef = 5AF22B66262FE3E300914389 /* Main.storyboard */; };
		5AF22B6A262FE3E500914389 /* Assets.xcassets in Resources */ = {isa = PBXBuildFile; fileRef = 5AF22B69262FE3E500914389 /* Assets.xcassets */; };
		5AF22B6D262FE3E500914389 /* LaunchScreen.storyboard in Resources */ = {isa = PBXBuildFile; fileRef = 5AF22B6B262FE3E500914389 /* LaunchScreen.storyboard */; };
		5AF22B76262FE4CF00914389 /* LoginViewController.swift in Sources */ = {isa = PBXBuildFile; fileRef = 5AF22B75262FE4CF00914389 /* LoginViewController.swift */; };
		5AF22B79262FE4E100914389 /* HomeViewController.swift in Sources */ = {isa = PBXBuildFile; fileRef = 5AF22B78262FE4E100914389 /* HomeViewController.swift */; };
		5AF22B7C262FE4FF00914389 /* ImageSelectViewController.swift in Sources */ = {isa = PBXBuildFile; fileRef = 5AF22B7B262FE4FF00914389 /* ImageSelectViewController.swift */; };
		5AF22B7F262FE51300914389 /* PostViewController.swift in Sources */ = {isa = PBXBuildFile; fileRef = 5AF22B7E262FE51300914389 /* PostViewController.swift */; };
		5AF22B82262FE52A00914389 /* SettingViewController.swift in Sources */ = {isa = PBXBuildFile; fileRef = 5AF22B81262FE52A00914389 /* SettingViewController.swift */; };
		5AF22B86262FF4C400914389 /* TabBarController.swift in Sources */ = {isa = PBXBuildFile; fileRef = 5AF22B85262FF4C400914389 /* TabBarController.swift */; };
		5AF22B8A262FF99300914389 /* GoogleService-Info.plist in Resources */ = {isa = PBXBuildFile; fileRef = 5AF22B89262FF99300914389 /* GoogleService-Info.plist */; };
/* End PBXBuildFile section */

/* Begin PBXFileReference section */
		2654F04DD59D674D076346E6 /* Pods_Instagram.framework */ = {isa = PBXFileReference; explicitFileType = wrapper.framework; includeInIndex = 0; path = Pods_Instagram.framework; sourceTree = BUILT_PRODUCTS_DIR; };
		32611990EA74241286DD950F /* Pods-Instagram.debug.xcconfig */ = {isa = PBXFileReference; includeInIndex = 1; lastKnownFileType = text.xcconfig; name = "Pods-Instagram.debug.xcconfig"; path = "Target Support Files/Pods-Instagram/Pods-Instagram.debug.xcconfig"; sourceTree = "<group>"; };
		5AAF5EB626311DCA00FE4AA9 /* Const.swift */ = {isa = PBXFileReference; lastKnownFileType = sourcecode.swift; path = Const.swift; sourceTree = "<group>"; };
		5AAF5EBA2631359900FE4AA9 /* PostData.swift */ = {isa = PBXFileReference; lastKnownFileType = sourcecode.swift; path = PostData.swift; sourceTree = "<group>"; };
		5AAF5EBD2631365500FE4AA9 /* PostTableViewCell.swift */ = {isa = PBXFileReference; lastKnownFileType = sourcecode.swift; path = PostTableViewCell.swift; sourceTree = "<group>"; };
		5AAF5EBE2631365500FE4AA9 /* PostTableViewCell.xib */ = {isa = PBXFileReference; lastKnownFileType = file.xib; path = PostTableViewCell.xib; sourceTree = "<group>"; };
		5AAF5EC2263257C600FE4AA9 /* CommentViewController.swift */ = {isa = PBXFileReference; lastKnownFileType = sourcecode.swift; path = CommentViewController.swift; sourceTree = "<group>"; };
		5AAF5EC5263262C900FE4AA9 /* CommentStruct.swift */ = {isa = PBXFileReference; lastKnownFileType = sourcecode.swift; path = CommentStruct.swift; sourceTree = "<group>"; };
		5AAF5EC826357A4F00FE4AA9 /* CustomColors.swift */ = {isa = PBXFileReference; lastKnownFileType = sourcecode.swift; path = CustomColors.swift; sourceTree = "<group>"; };
		5AF22B5D262FE3E300914389 /* Instagram.app */ = {isa = PBXFileReference; explicitFileType = wrapper.application; includeInIndex = 0; path = Instagram.app; sourceTree = BUILT_PRODUCTS_DIR; };
		5AF22B60262FE3E300914389 /* AppDelegate.swift */ = {isa = PBXFileReference; lastKnownFileType = sourcecode.swift; path = AppDelegate.swift; sourceTree = "<group>"; };
		5AF22B62262FE3E300914389 /* SceneDelegate.swift */ = {isa = PBXFileReference; lastKnownFileType = sourcecode.swift; path = SceneDelegate.swift; sourceTree = "<group>"; };
		5AF22B67262FE3E300914389 /* Base */ = {isa = PBXFileReference; lastKnownFileType = file.storyboard; name = Base; path = Base.lproj/Main.storyboard; sourceTree = "<group>"; };
		5AF22B69262FE3E500914389 /* Assets.xcassets */ = {isa = PBXFileReference; lastKnownFileType = folder.assetcatalog; path = Assets.xcassets; sourceTree = "<group>"; };
		5AF22B6C262FE3E500914389 /* Base */ = {isa = PBXFileReference; lastKnownFileType = file.storyboard; name = Base; path = Base.lproj/LaunchScreen.storyboard; sourceTree = "<group>"; };
		5AF22B6E262FE3E500914389 /* Info.plist */ = {isa = PBXFileReference; lastKnownFileType = text.plist.xml; path = Info.plist; sourceTree = "<group>"; };
		5AF22B75262FE4CF00914389 /* LoginViewController.swift */ = {isa = PBXFileReference; lastKnownFileType = sourcecode.swift; path = LoginViewController.swift; sourceTree = "<group>"; };
		5AF22B78262FE4E100914389 /* HomeViewController.swift */ = {isa = PBXFileReference; lastKnownFileType = sourcecode.swift; path = HomeViewController.swift; sourceTree = "<group>"; };
		5AF22B7B262FE4FF00914389 /* ImageSelectViewController.swift */ = {isa = PBXFileReference; lastKnownFileType = sourcecode.swift; path = ImageSelectViewController.swift; sourceTree = "<group>"; };
		5AF22B7E262FE51300914389 /* PostViewController.swift */ = {isa = PBXFileReference; lastKnownFileType = sourcecode.swift; path = PostViewController.swift; sourceTree = "<group>"; };
		5AF22B81262FE52A00914389 /* SettingViewController.swift */ = {isa = PBXFileReference; lastKnownFileType = sourcecode.swift; path = SettingViewController.swift; sourceTree = "<group>"; };
		5AF22B85262FF4C400914389 /* TabBarController.swift */ = {isa = PBXFileReference; lastKnownFileType = sourcecode.swift; path = TabBarController.swift; sourceTree = "<group>"; };
		5AF22B89262FF99300914389 /* GoogleService-Info.plist */ = {isa = PBXFileReference; fileEncoding = 4; lastKnownFileType = text.plist.xml; path = "GoogleService-Info.plist"; sourceTree = "<group>"; };
		C4DB054B70045C8617C974BA /* Pods-Instagram.release.xcconfig */ = {isa = PBXFileReference; includeInIndex = 1; lastKnownFileType = text.xcconfig; name = "Pods-Instagram.release.xcconfig"; path = "Target Support Files/Pods-Instagram/Pods-Instagram.release.xcconfig"; sourceTree = "<group>"; };
/* End PBXFileReference section */

/* Begin PBXFrameworksBuildPhase section */
		5AF22B5A262FE3E300914389 /* Frameworks */ = {
			isa = PBXFrameworksBuildPhase;
			buildActionMask = 2147483647;
			files = (
				2792C9DE70D0357300E3318A /* Pods_Instagram.framework in Frameworks */,
			);
			runOnlyForDeploymentPostprocessing = 0;
		};
/* End PBXFrameworksBuildPhase section */

/* Begin PBXGroup section */
		5AF22B54262FE3E300914389 = {
			isa = PBXGroup;
			children = (
				5AF22B5F262FE3E300914389 /* Instagram */,
				5AF22B5E262FE3E300914389 /* Products */,
				A07F0BCFF98684D12F8A0C8E /* Pods */,
				BE9BAB32444EFB0DC48AC988 /* Frameworks */,
			);
			sourceTree = "<group>";
		};
		5AF22B5E262FE3E300914389 /* Products */ = {
			isa = PBXGroup;
			children = (
				5AF22B5D262FE3E300914389 /* Instagram.app */,
			);
			name = Products;
			sourceTree = "<group>";
		};
		5AF22B5F262FE3E300914389 /* Instagram */ = {
			isa = PBXGroup;
			children = (
				5AAF5EC826357A4F00FE4AA9 /* CustomColors.swift */,
				5AAF5EB626311DCA00FE4AA9 /* Const.swift */,
				5AAF5EC5263262C900FE4AA9 /* CommentStruct.swift */,
				5AAF5EBA2631359900FE4AA9 /* PostData.swift */,
				5AAF5EBD2631365500FE4AA9 /* PostTableViewCell.swift */,
				5AAF5EBE2631365500FE4AA9 /* PostTableViewCell.xib */,
				5AF22B60262FE3E300914389 /* AppDelegate.swift */,
				5AF22B62262FE3E300914389 /* SceneDelegate.swift */,
				5AF22B75262FE4CF00914389 /* LoginViewController.swift */,
				5AF22B78262FE4E100914389 /* HomeViewController.swift */,
				5AF22B7B262FE4FF00914389 /* ImageSelectViewController.swift */,
				5AF22B7E262FE51300914389 /* PostViewController.swift */,
				5AF22B81262FE52A00914389 /* SettingViewController.swift */,
				5AAF5EC2263257C600FE4AA9 /* CommentViewController.swift */,
				5AF22B85262FF4C400914389 /* TabBarController.swift */,
				5AF22B66262FE3E300914389 /* Main.storyboard */,
				5AF22B69262FE3E500914389 /* Assets.xcassets */,
				5AF22B6B262FE3E500914389 /* LaunchScreen.storyboard */,
				5AF22B6E262FE3E500914389 /* Info.plist */,
				5AF22B89262FF99300914389 /* GoogleService-Info.plist */,
			);
			path = Instagram;
			sourceTree = "<group>";
		};
		A07F0BCFF98684D12F8A0C8E /* Pods */ = {
			isa = PBXGroup;
			children = (
				32611990EA74241286DD950F /* Pods-Instagram.debug.xcconfig */,
				C4DB054B70045C8617C974BA /* Pods-Instagram.release.xcconfig */,
			);
			path = Pods;
			sourceTree = "<group>";
		};
		BE9BAB32444EFB0DC48AC988 /* Frameworks */ = {
			isa = PBXGroup;
			children = (
				2654F04DD59D674D076346E6 /* Pods_Instagram.framework */,
			);
			name = Frameworks;
			sourceTree = "<group>";
		};
/* End PBXGroup section */

/* Begin PBXNativeTarget section */
		5AF22B5C262FE3E300914389 /* Instagram */ = {
			isa = PBXNativeTarget;
			buildConfigurationList = 5AF22B71262FE3E500914389 /* Build configuration list for PBXNativeTarget "Instagram" */;
			buildPhases = (
				ADFB7034E5404C5730A2B658 /* [CP] Check Pods Manifest.lock */,
				5AF22B59262FE3E300914389 /* Sources */,
				5AF22B5A262FE3E300914389 /* Frameworks */,
				5AF22B5B262FE3E300914389 /* Resources */,
				F076A45E4C51E374155F69FA /* [CP] Embed Pods Frameworks */,
			);
			buildRules = (
			);
			dependencies = (
			);
			name = Instagram;
			productName = Instagram;
			productReference = 5AF22B5D262FE3E300914389 /* Instagram.app */;
			productType = "com.apple.product-type.application";
		};
/* End PBXNativeTarget section */

/* Begin PBXProject section */
		5AF22B55262FE3E300914389 /* Project object */ = {
			isa = PBXProject;
			attributes = {
				LastSwiftUpdateCheck = 1220;
				LastUpgradeCheck = 1220;
				TargetAttributes = {
					5AF22B5C262FE3E300914389 = {
						CreatedOnToolsVersion = 12.2;
					};
				};
			};
			buildConfigurationList = 5AF22B58262FE3E300914389 /* Build configuration list for PBXProject "Instagram" */;
			compatibilityVersion = "Xcode 9.3";
			developmentRegion = en;
			hasScannedForEncodings = 0;
			knownRegions = (
				en,
				Base,
			);
			mainGroup = 5AF22B54262FE3E300914389;
			productRefGroup = 5AF22B5E262FE3E300914389 /* Products */;
			projectDirPath = "";
			projectRoot = "";
			targets = (
				5AF22B5C262FE3E300914389 /* Instagram */,
			);
		};
/* End PBXProject section */

/* Begin PBXResourcesBuildPhase section */
		5AF22B5B262FE3E300914389 /* Resources */ = {
			isa = PBXResourcesBuildPhase;
			buildActionMask = 2147483647;
			files = (
				5AF22B6D262FE3E500914389 /* LaunchScreen.storyboard in Resources */,
				5AAF5EC02631365500FE4AA9 /* PostTableViewCell.xib in Resources */,
				5AF22B8A262FF99300914389 /* GoogleService-Info.plist in Resources */,
				5AF22B6A262FE3E500914389 /* Assets.xcassets in Resources */,
				5AF22B68262FE3E300914389 /* Main.storyboard in Resources */,
			);
			runOnlyForDeploymentPostprocessing = 0;
		};
/* End PBXResourcesBuildPhase section */

/* Begin PBXShellScriptBuildPhase section */
		ADFB7034E5404C5730A2B658 /* [CP] Check Pods Manifest.lock */ = {
			isa = PBXShellScriptBuildPhase;
			buildActionMask = 2147483647;
			files = (
			);
			inputFileListPaths = (
			);
			inputPaths = (
				"${PODS_PODFILE_DIR_PATH}/Podfile.lock",
				"${PODS_ROOT}/Manifest.lock",
			);
			name = "[CP] Check Pods Manifest.lock";
			outputFileListPaths = (
			);
			outputPaths = (
				"$(DERIVED_FILE_DIR)/Pods-Instagram-checkManifestLockResult.txt",
			);
			runOnlyForDeploymentPostprocessing = 0;
			shellPath = /bin/sh;
			shellScript = "diff \"${PODS_PODFILE_DIR_PATH}/Podfile.lock\" \"${PODS_ROOT}/Manifest.lock\" > /dev/null\nif [ $? != 0 ] ; then\n    # print error to STDERR\n    echo \"error: The sandbox is not in sync with the Podfile.lock. Run 'pod install' or update your CocoaPods installation.\" >&2\n    exit 1\nfi\n# This output is used by Xcode 'outputs' to avoid re-running this script phase.\necho \"SUCCESS\" > \"${SCRIPT_OUTPUT_FILE_0}\"\n";
			showEnvVarsInLog = 0;
		};
		F076A45E4C51E374155F69FA /* [CP] Embed Pods Frameworks */ = {
			isa = PBXShellScriptBuildPhase;
			buildActionMask = 2147483647;
			files = (
			);
			inputFileListPaths = (
				"${PODS_ROOT}/Target Support Files/Pods-Instagram/Pods-Instagram-frameworks-${CONFIGURATION}-input-files.xcfilelist",
			);
			name = "[CP] Embed Pods Frameworks";
			outputFileListPaths = (
				"${PODS_ROOT}/Target Support Files/Pods-Instagram/Pods-Instagram-frameworks-${CONFIGURATION}-output-files.xcfilelist",
			);
			runOnlyForDeploymentPostprocessing = 0;
			shellPath = /bin/sh;
			shellScript = "\"${PODS_ROOT}/Target Support Files/Pods-Instagram/Pods-Instagram-frameworks.sh\"\n";
			showEnvVarsInLog = 0;
		};
/* End PBXShellScriptBuildPhase section */

/* Begin PBXSourcesBuildPhase section */
		5AF22B59262FE3E300914389 /* Sources */ = {
			isa = PBXSourcesBuildPhase;
			buildActionMask = 2147483647;
			files = (
				5AAF5EBF2631365500FE4AA9 /* PostTableViewCell.swift in Sources */,
				5AF22B7C262FE4FF00914389 /* ImageSelectViewController.swift in Sources */,
				5AAF5EC926357A4F00FE4AA9 /* CustomColors.swift in Sources */,
				5AF22B86262FF4C400914389 /* TabBarController.swift in Sources */,
				5AF22B79262FE4E100914389 /* HomeViewController.swift in Sources */,
				5AF22B7F262FE51300914389 /* PostViewController.swift in Sources */,
				5AF22B82262FE52A00914389 /* SettingViewController.swift in Sources */,
				5AAF5EBB2631359900FE4AA9 /* PostData.swift in Sources */,
				5AF22B76262FE4CF00914389 /* LoginViewController.swift in Sources */,
				5AAF5EC3263257C600FE4AA9 /* CommentViewController.swift in Sources */,
				5AAF5EC6263262C900FE4AA9 /* CommentStruct.swift in Sources */,
				5AF22B61262FE3E300914389 /* AppDelegate.swift in Sources */,
				5AF22B63262FE3E300914389 /* SceneDelegate.swift in Sources */,
				5AAF5EB726311DCA00FE4AA9 /* Const.swift in Sources */,
			);
			runOnlyForDeploymentPostprocessing = 0;
		};
/* End PBXSourcesBuildPhase section */

/* Begin PBXVariantGroup section */
		5AF22B66262FE3E300914389 /* Main.storyboard */ = {
			isa = PBXVariantGroup;
			children = (
				5AF22B67262FE3E300914389 /* Base */,
			);
			name = Main.storyboard;
			sourceTree = "<group>";
		};
		5AF22B6B262FE3E500914389 /* LaunchScreen.storyboard */ = {
			isa = PBXVariantGroup;
			children = (
				5AF22B6C262FE3E500914389 /* Base */,
			);
			name = LaunchScreen.storyboard;
			sourceTree = "<group>";
		};
/* End PBXVariantGroup section */

/* Begin XCBuildConfiguration section */
		5AF22B6F262FE3E500914389 /* Debug */ = {
			isa = XCBuildConfiguration;
			buildSettings = {
				ALWAYS_SEARCH_USER_PATHS = NO;
				CLANG_ANALYZER_NONNULL = YES;
				CLANG_ANALYZER_NUMBER_OBJECT_CONVERSION = YES_AGGRESSIVE;
				CLANG_CXX_LANGUAGE_STANDARD = "gnu++14";
				CLANG_CXX_LIBRARY = "libc++";
				CLANG_ENABLE_MODULES = YES;
				CLANG_ENABLE_OBJC_ARC = YES;
				CLANG_ENABLE_OBJC_WEAK = YES;
				CLANG_WARN_BLOCK_CAPTURE_AUTORELEASING = YES;
				CLANG_WARN_BOOL_CONVERSION = YES;
				CLANG_WARN_COMMA = YES;
				CLANG_WARN_CONSTANT_CONVERSION = YES;
				CLANG_WARN_DEPRECATED_OBJC_IMPLEMENTATIONS = YES;
				CLANG_WARN_DIRECT_OBJC_ISA_USAGE = YES_ERROR;
				CLANG_WARN_DOCUMENTATION_COMMENTS = YES;
				CLANG_WARN_EMPTY_BODY = YES;
				CLANG_WARN_ENUM_CONVERSION = YES;
				CLANG_WARN_INFINITE_RECURSION = YES;
				CLANG_WARN_INT_CONVERSION = YES;
				CLANG_WARN_NON_LITERAL_NULL_CONVERSION = YES;
				CLANG_WARN_OBJC_IMPLICIT_RETAIN_SELF = YES;
				CLANG_WARN_OBJC_LITERAL_CONVERSION = YES;
				CLANG_WARN_OBJC_ROOT_CLASS = YES_ERROR;
				CLANG_WARN_QUOTED_INCLUDE_IN_FRAMEWORK_HEADER = YES;
				CLANG_WARN_RANGE_LOOP_ANALYSIS = YES;
				CLANG_WARN_STRICT_PROTOTYPES = YES;
				CLANG_WARN_SUSPICIOUS_MOVE = YES;
				CLANG_WARN_UNGUARDED_AVAILABILITY = YES_AGGRESSIVE;
				CLANG_WARN_UNREACHABLE_CODE = YES;
				CLANG_WARN__DUPLICATE_METHOD_MATCH = YES;
				COPY_PHASE_STRIP = NO;
				DEBUG_INFORMATION_FORMAT = dwarf;
				ENABLE_STRICT_OBJC_MSGSEND = YES;
				ENABLE_TESTABILITY = YES;
				GCC_C_LANGUAGE_STANDARD = gnu11;
				GCC_DYNAMIC_NO_PIC = NO;
				GCC_NO_COMMON_BLOCKS = YES;
				GCC_OPTIMIZATION_LEVEL = 0;
				GCC_PREPROCESSOR_DEFINITIONS = (
					"DEBUG=1",
					"$(inherited)",
				);
				GCC_WARN_64_TO_32_BIT_CONVERSION = YES;
				GCC_WARN_ABOUT_RETURN_TYPE = YES_ERROR;
				GCC_WARN_UNDECLARED_SELECTOR = YES;
				GCC_WARN_UNINITIALIZED_AUTOS = YES_AGGRESSIVE;
				GCC_WARN_UNUSED_FUNCTION = YES;
				GCC_WARN_UNUSED_VARIABLE = YES;
				IPHONEOS_DEPLOYMENT_TARGET = 14.2;
				MTL_ENABLE_DEBUG_INFO = INCLUDE_SOURCE;
				MTL_FAST_MATH = YES;
				ONLY_ACTIVE_ARCH = YES;
				SDKROOT = iphoneos;
				SWIFT_ACTIVE_COMPILATION_CONDITIONS = DEBUG;
				SWIFT_OPTIMIZATION_LEVEL = "-Onone";
			};
			name = Debug;
		};
		5AF22B70262FE3E500914389 /* Release */ = {
			isa = XCBuildConfiguration;
			buildSettings = {
				ALWAYS_SEARCH_USER_PATHS = NO;
				CLANG_ANALYZER_NONNULL = YES;
				CLANG_ANALYZER_NUMBER_OBJECT_CONVERSION = YES_AGGRESSIVE;
				CLANG_CXX_LANGUAGE_STANDARD = "gnu++14";
				CLANG_CXX_LIBRARY = "libc++";
				CLANG_ENABLE_MODULES = YES;
				CLANG_ENABLE_OBJC_ARC = YES;
				CLANG_ENABLE_OBJC_WEAK = YES;
				CLANG_WARN_BLOCK_CAPTURE_AUTORELEASING = YES;
				CLANG_WARN_BOOL_CONVERSION = YES;
				CLANG_WARN_COMMA = YES;
				CLANG_WARN_CONSTANT_CONVERSION = YES;
				CLANG_WARN_DEPRECATED_OBJC_IMPLEMENTATIONS = YES;
				CLANG_WARN_DIRECT_OBJC_ISA_USAGE = YES_ERROR;
				CLANG_WARN_DOCUMENTATION_COMMENTS = YES;
				CLANG_WARN_EMPTY_BODY = YES;
				CLANG_WARN_ENUM_CONVERSION = YES;
				CLANG_WARN_INFINITE_RECURSION = YES;
				CLANG_WARN_INT_CONVERSION = YES;
				CLANG_WARN_NON_LITERAL_NULL_CONVERSION = YES;
				CLANG_WARN_OBJC_IMPLICIT_RETAIN_SELF = YES;
				CLANG_WARN_OBJC_LITERAL_CONVERSION = YES;
				CLANG_WARN_OBJC_ROOT_CLASS = YES_ERROR;
				CLANG_WARN_QUOTED_INCLUDE_IN_FRAMEWORK_HEADER = YES;
				CLANG_WARN_RANGE_LOOP_ANALYSIS = YES;
				CLANG_WARN_STRICT_PROTOTYPES = YES;
				CLANG_WARN_SUSPICIOUS_MOVE = YES;
				CLANG_WARN_UNGUARDED_AVAILABILITY = YES_AGGRESSIVE;
				CLANG_WARN_UNREACHABLE_CODE = YES;
				CLANG_WARN__DUPLICATE_METHOD_MATCH = YES;
				COPY_PHASE_STRIP = NO;
				DEBUG_INFORMATION_FORMAT = "dwarf-with-dsym";
				ENABLE_NS_ASSERTIONS = NO;
				ENABLE_STRICT_OBJC_MSGSEND = YES;
				GCC_C_LANGUAGE_STANDARD = gnu11;
				GCC_NO_COMMON_BLOCKS = YES;
				GCC_WARN_64_TO_32_BIT_CONVERSION = YES;
				GCC_WARN_ABOUT_RETURN_TYPE = YES_ERROR;
				GCC_WARN_UNDECLARED_SELECTOR = YES;
				GCC_WARN_UNINITIALIZED_AUTOS = YES_AGGRESSIVE;
				GCC_WARN_UNUSED_FUNCTION = YES;
				GCC_WARN_UNUSED_VARIABLE = YES;
				IPHONEOS_DEPLOYMENT_TARGET = 14.2;
				MTL_ENABLE_DEBUG_INFO = NO;
				MTL_FAST_MATH = YES;
				SDKROOT = iphoneos;
				SWIFT_COMPILATION_MODE = wholemodule;
				SWIFT_OPTIMIZATION_LEVEL = "-O";
				VALIDATE_PRODUCT = YES;
			};
			name = Release;
		};
		5AF22B72262FE3E500914389 /* Debug */ = {
			isa = XCBuildConfiguration;
			baseConfigurationReference = 32611990EA74241286DD950F /* Pods-Instagram.debug.xcconfig */;
			buildSettings = {
				ASSETCATALOG_COMPILER_APPICON_NAME = AppIcon;
				ASSETCATALOG_COMPILER_GLOBAL_ACCENT_COLOR_NAME = AccentColor;
				CODE_SIGN_STYLE = Automatic;
				INFOPLIST_FILE = Instagram/Info.plist;
				LD_RUNPATH_SEARCH_PATHS = (
					"$(inherited)",
					"@executable_path/Frameworks",
				);
				PRODUCT_BUNDLE_IDENTIFIER = jp.techacademy.peiwen.liu.Instagram;
				PRODUCT_NAME = "$(TARGET_NAME)";
				SWIFT_VERSION = 5.0;
				TARGETED_DEVICE_FAMILY = "1,2";
			};
			name = Debug;
		};
		5AF22B73262FE3E500914389 /* Release */ = {
			isa = XCBuildConfiguration;
			baseConfigurationReference = C4DB054B70045C8617C974BA /* Pods-Instagram.release.xcconfig */;
			buildSettings = {
				ASSETCATALOG_COMPILER_APPICON_NAME = AppIcon;
				ASSETCATALOG_COMPILER_GLOBAL_ACCENT_COLOR_NAME = AccentColor;
				CODE_SIGN_STYLE = Automatic;
				INFOPLIST_FILE = Instagram/Info.plist;
				LD_RUNPATH_SEARCH_PATHS = (
					"$(inherited)",
					"@executable_path/Frameworks",
				);
				PRODUCT_BUNDLE_IDENTIFIER = jp.techacademy.peiwen.liu.Instagram;
				PRODUCT_NAME = "$(TARGET_NAME)";
				SWIFT_VERSION = 5.0;
				TARGETED_DEVICE_FAMILY = "1,2";
			};
			name = Release;
		};
/* End XCBuildConfiguration section */

/* Begin XCConfigurationList section */
		5AF22B58262FE3E300914389 /* Build configuration list for PBXProject "Instagram" */ = {
			isa = XCConfigurationList;
			buildConfigurations = (
				5AF22B6F262FE3E500914389 /* Debug */,
				5AF22B70262FE3E500914389 /* Release */,
			);
			defaultConfigurationIsVisible = 0;
			defaultConfigurationName = Release;
		};
		5AF22B71262FE3E500914389 /* Build configuration list for PBXNativeTarget "Instagram" */ = {
			isa = XCConfigurationList;
			buildConfigurations = (
				5AF22B72262FE3E500914389 /* Debug */,
				5AF22B73262FE3E500914389 /* Release */,
			);
			defaultConfigurationIsVisible = 0;
			defaultConfigurationName = Release;
		};
/* End XCConfigurationList section */
	};
	rootObject = 5AF22B55262FE3E300914389 /* Project object */;
}
